
Microsoft Visual Studio Solution File, Format Version 12.00
# Visual Studio Version 17
VisualStudioVersion = 17.14.36511.14 d17.14
MinimumVisualStudioVersion = 10.0.40219.1
Project("{FAE04EC0-301F-11D3-BF4B-00C04F79EFBC}") = "NexusUtils", "NexusUtils.csproj", "{02265615-6FB3-4247-B9AB-3118F5A5673E}"
EndProject
Global
	GlobalSection(SolutionConfigurationPlatforms) = preSolution
		Debug|Any CPU = Debug|Any CPU
		Release|Any CPU = Release|Any CPU
	EndGlobalSection
	GlobalSection(ProjectConfigurationPlatforms) = postSolution
		{02265615-6FB3-4247-B9AB-3118F5A5673E}.Debug|Any CPU.ActiveCfg = Debug|Any CPU
		{02265615-6FB3-4247-B9AB-3118F5A5673E}.Debug|Any CPU.Build.0 = Debug|Any CPU
		{02265615-6FB3-4247-B9AB-3118F5A5673E}.Release|Any CPU.ActiveCfg = Release|Any CPU
		{02265615-6FB3-4247-B9AB-3118F5A5673E}.Release|Any CPU.Build.0 = Release|Any CPU
	EndGlobalSection
	GlobalSection(SolutionProperties) = preSolution
		HideSolutionNode = FALSE
	EndGlobalSection
	GlobalSection(ExtensibilityGlobals) = postSolution
		SolutionGuid = {C77C28F1-86CE-48B7-BEDE-13CA3E4F205B}
	EndGlobalSection
EndGlobal
